
Microsoft Visual Studio Solution File, Format Version 12.00
Project("{FAE04EC0-301F-11D3-BF4B-00C04F79EFBC}") = "Correctness.Tests", "Correctness.Tests\Correctness.Tests.csproj", "{7067E836-820A-4A19-97D8-192B91800A6A}"
EndProject
Project("{FAE04EC0-301F-11D3-BF4B-00C04F79EFBC}") = "Compute.Lib", "Compute.Lib\Compute.Lib.csproj", "{0DE653EF-A359-4504-B3C5-D74DB929AAF1}"
EndProject
Project("{FAE04EC0-301F-11D3-BF4B-00C04F79EFBC}") = "Benchmarking", "Benchmarking\Benchmarking.csproj", "{9097AC23-FDB1-400D-BDAD-CAD1884589D0}"
EndProject
Global
	GlobalSection(SolutionConfigurationPlatforms) = preSolution
		Debug|Any CPU = Debug|Any CPU
		Release|Any CPU = Release|Any CPU
	EndGlobalSection
	GlobalSection(ProjectConfigurationPlatforms) = postSolution
		{7067E836-820A-4A19-97D8-192B91800A6A}.Debug|Any CPU.ActiveCfg = Debug|Any CPU
		{7067E836-820A-4A19-97D8-192B91800A6A}.Debug|Any CPU.Build.0 = Debug|Any CPU
		{7067E836-820A-4A19-97D8-192B91800A6A}.Release|Any CPU.ActiveCfg = Release|Any CPU
		{7067E836-820A-4A19-97D8-192B91800A6A}.Release|Any CPU.Build.0 = Release|Any CPU
		{0DE653EF-A359-4504-B3C5-D74DB929AAF1}.Debug|Any CPU.ActiveCfg = Debug|Any CPU
		{0DE653EF-A359-4504-B3C5-D74DB929AAF1}.Debug|Any CPU.Build.0 = Debug|Any CPU
		{0DE653EF-A359-4504-B3C5-D74DB929AAF1}.Release|Any CPU.ActiveCfg = Release|Any CPU
		{0DE653EF-A359-4504-B3C5-D74DB929AAF1}.Release|Any CPU.Build.0 = Release|Any CPU
		{9097AC23-FDB1-400D-BDAD-CAD1884589D0}.Debug|Any CPU.ActiveCfg = Debug|Any CPU
		{9097AC23-FDB1-400D-BDAD-CAD1884589D0}.Debug|Any CPU.Build.0 = Debug|Any CPU
		{9097AC23-FDB1-400D-BDAD-CAD1884589D0}.Release|Any CPU.ActiveCfg = Release|Any CPU
		{9097AC23-FDB1-400D-BDAD-CAD1884589D0}.Release|Any CPU.Build.0 = Release|Any CPU
	EndGlobalSection
EndGlobal
